
Microsoft Visual Studio Solution File, Format Version 12.00
# Visual Studio Version 16
VisualStudioVersion = 16.0.30204.135
MinimumVisualStudioVersion = 10.0.40219.1
Project("{9A19103F-16F7-4668-BE54-9A1E7A4F7556}") = "TouristGuide", "TouristGuide.csproj", "{B4693042-18AA-4A71-8F5C-F3A75D4A3C32}"
EndProject
Project("{9A19103F-16F7-4668-BE54-9A1E7A4F7556}") = "TouristGuide.Entities", "..\TouristGuide.Entities\TouristGuide.Entities.csproj", "{C4A018AC-1606-4CCF-9F90-499318CCB60B}"
EndProject
Project("{9A19103F-16F7-4668-BE54-9A1E7A4F7556}") = "TouristGuide.DataLayer", "..\TouristGuide.DataLayer\TouristGuide.DataLayer.csproj", "{93C56E70-111E-4D73-BD0E-47AFFC2C24E0}"
EndProject
Project("{9A19103F-16F7-4668-BE54-9A1E7A4F7556}") = "TouristGuide.BusinessLayer", "..\TouristGuide.BusinessLayer\TouristGuide.BusinessLayer.csproj", "{19CE645B-9F34-421C-9957-F3CD3E7BF1B7}"
EndProject
Project("{FAE04EC0-301F-11D3-BF4B-00C04F79EFBC}") = "TouristGuide.Test", "..\TouristGuide.Test\TouristGuide.Test.csproj", "{7CDBD9BF-A85A-4CA9-982F-F34DF79EE1F5}"
EndProject
Global
	GlobalSection(SolutionConfigurationPlatforms) = preSolution
		Debug|Any CPU = Debug|Any CPU
		Release|Any CPU = Release|Any CPU
	EndGlobalSection
	GlobalSection(ProjectConfigurationPlatforms) = postSolution
		{B4693042-18AA-4A71-8F5C-F3A75D4A3C32}.Debug|Any CPU.ActiveCfg = Debug|Any CPU
		{B4693042-18AA-4A71-8F5C-F3A75D4A3C32}.Debug|Any CPU.Build.0 = Debug|Any CPU
		{B4693042-18AA-4A71-8F5C-F3A75D4A3C32}.Release|Any CPU.ActiveCfg = Release|Any CPU
		{B4693042-18AA-4A71-8F5C-F3A75D4A3C32}.Release|Any CPU.Build.0 = Release|Any CPU
		{C4A018AC-1606-4CCF-9F90-499318CCB60B}.Debug|Any CPU.ActiveCfg = Debug|Any CPU
		{C4A018AC-1606-4CCF-9F90-499318CCB60B}.Debug|Any CPU.Build.0 = Debug|Any CPU
		{C4A018AC-1606-4CCF-9F90-499318CCB60B}.Release|Any CPU.ActiveCfg = Release|Any CPU
		{C4A018AC-1606-4CCF-9F90-499318CCB60B}.Release|Any CPU.Build.0 = Release|Any CPU
		{93C56E70-111E-4D73-BD0E-47AFFC2C24E0}.Debug|Any CPU.ActiveCfg = Debug|Any CPU
		{93C56E70-111E-4D73-BD0E-47AFFC2C24E0}.Debug|Any CPU.Build.0 = Debug|Any CPU
		{93C56E70-111E-4D73-BD0E-47AFFC2C24E0}.Release|Any CPU.ActiveCfg = Release|Any CPU
		{93C56E70-111E-4D73-BD0E-47AFFC2C24E0}.Release|Any CPU.Build.0 = Release|Any CPU
		{19CE645B-9F34-421C-9957-F3CD3E7BF1B7}.Debug|Any CPU.ActiveCfg = Debug|Any CPU
		{19CE645B-9F34-421C-9957-F3CD3E7BF1B7}.Debug|Any CPU.Build.0 = Debug|Any CPU
		{19CE645B-9F34-421C-9957-F3CD3E7BF1B7}.Release|Any CPU.ActiveCfg = Release|Any CPU
		{19CE645B-9F34-421C-9957-F3CD3E7BF1B7}.Release|Any CPU.Build.0 = Release|Any CPU
		{7CDBD9BF-A85A-4CA9-982F-F34DF79EE1F5}.Debug|Any CPU.ActiveCfg = Debug|Any CPU
		{7CDBD9BF-A85A-4CA9-982F-F34DF79EE1F5}.Debug|Any CPU.Build.0 = Debug|Any CPU
		{7CDBD9BF-A85A-4CA9-982F-F34DF79EE1F5}.Release|Any CPU.ActiveCfg = Release|Any CPU
		{7CDBD9BF-A85A-4CA9-982F-F34DF79EE1F5}.Release|Any CPU.Build.0 = Release|Any CPU
	EndGlobalSection
	GlobalSection(SolutionProperties) = preSolution
		HideSolutionNode = FALSE
	EndGlobalSection
	GlobalSection(ExtensibilityGlobals) = postSolution
		SolutionGuid = {C29D2A03-6585-4CFD-AA6D-0C7B195C2EB7}
	EndGlobalSection
EndGlobal
